
Microsoft Visual Studio Solution File, Format Version 12.00
# Visual Studio Version 17
VisualStudioVersion = 17.5.33627.172
MinimumVisualStudioVersion = 10.0.40219.1
Project("{9A19103F-16F7-4668-BE54-9A1E7A4F7556}") = "ConsoleApp1", "ConsoleApp1\ConsoleApp1.csproj", "{3E2B54DF-5FFE-46FF-8DFB-51EF808C5708}"
EndProject
Project("{9A19103F-16F7-4668-BE54-9A1E7A4F7556}") = "ClassLibrary1", "ClassLibrary1\ClassLibrary1.csproj", "{4F92CD85-F7BA-4C2C-865D-20C98F5A29A1}"
EndProject
Project("{9A19103F-16F7-4668-BE54-9A1E7A4F7556}") = "MvcDemo", "MvcDemo\MvcDemo.csproj", "{AD25F9FE-DAF5-4DD3-98DB-DB62E5E61482}"
EndProject
Project("{9A19103F-16F7-4668-BE54-9A1E7A4F7556}") = "EFCoreDemo", "EFCoreDemo\EFCoreDemo.csproj", "{F7A387E3-DD5D-491B-87DA-8D37F464D2CA}"
EndProject
Project("{2150E333-8FDC-42A3-9474-1A3956D46DE8}") = "Solution Items", "Solution Items", "{C63C04AB-5788-415C-B92F-201A020D461A}"
	ProjectSection(SolutionItems) = preProject
		.editorconfig = .editorconfig
	EndProjectSection
EndProject
Project("{9A19103F-16F7-4668-BE54-9A1E7A4F7556}") = "EFCoreDemo.Client", "EFCoreDemo.Client\EFCoreDemo.Client.csproj", "{CC2DB0EF-6F84-4109-9215-F0372CF09096}"
EndProject
Project("{E53339B2-1760-4266-BCC7-CA923CBCF16C}") = "docker-compose", "docker-compose.dcproj", "{155202A0-90FA-4B3E-A252-A8F93BB8A3AB}"
EndProject
Global
	GlobalSection(SolutionConfigurationPlatforms) = preSolution
		Debug|Any CPU = Debug|Any CPU
		Release|Any CPU = Release|Any CPU
	EndGlobalSection
	GlobalSection(ProjectConfigurationPlatforms) = postSolution
		{3E2B54DF-5FFE-46FF-8DFB-51EF808C5708}.Debug|Any CPU.ActiveCfg = Debug|Any CPU
		{3E2B54DF-5FFE-46FF-8DFB-51EF808C5708}.Debug|Any CPU.Build.0 = Debug|Any CPU
		{3E2B54DF-5FFE-46FF-8DFB-51EF808C5708}.Release|Any CPU.ActiveCfg = Release|Any CPU
		{3E2B54DF-5FFE-46FF-8DFB-51EF808C5708}.Release|Any CPU.Build.0 = Release|Any CPU
		{4F92CD85-F7BA-4C2C-865D-20C98F5A29A1}.Debug|Any CPU.ActiveCfg = Debug|Any CPU
		{4F92CD85-F7BA-4C2C-865D-20C98F5A29A1}.Debug|Any CPU.Build.0 = Debug|Any CPU
		{4F92CD85-F7BA-4C2C-865D-20C98F5A29A1}.Release|Any CPU.ActiveCfg = Release|Any CPU
		{4F92CD85-F7BA-4C2C-865D-20C98F5A29A1}.Release|Any CPU.Build.0 = Release|Any CPU
		{AD25F9FE-DAF5-4DD3-98DB-DB62E5E61482}.Debug|Any CPU.ActiveCfg = Debug|Any CPU
		{AD25F9FE-DAF5-4DD3-98DB-DB62E5E61482}.Debug|Any CPU.Build.0 = Debug|Any CPU
		{AD25F9FE-DAF5-4DD3-98DB-DB62E5E61482}.Release|Any CPU.ActiveCfg = Release|Any CPU
		{AD25F9FE-DAF5-4DD3-98DB-DB62E5E61482}.Release|Any CPU.Build.0 = Release|Any CPU
		{F7A387E3-DD5D-491B-87DA-8D37F464D2CA}.Debug|Any CPU.ActiveCfg = Debug|Any CPU
		{F7A387E3-DD5D-491B-87DA-8D37F464D2CA}.Debug|Any CPU.Build.0 = Debug|Any CPU
		{F7A387E3-DD5D-491B-87DA-8D37F464D2CA}.Release|Any CPU.ActiveCfg = Release|Any CPU
		{F7A387E3-DD5D-491B-87DA-8D37F464D2CA}.Release|Any CPU.Build.0 = Release|Any CPU
		{CC2DB0EF-6F84-4109-9215-F0372CF09096}.Debug|Any CPU.ActiveCfg = Debug|Any CPU
		{CC2DB0EF-6F84-4109-9215-F0372CF09096}.Debug|Any CPU.Build.0 = Debug|Any CPU
		{CC2DB0EF-6F84-4109-9215-F0372CF09096}.Release|Any CPU.ActiveCfg = Release|Any CPU
		{CC2DB0EF-6F84-4109-9215-F0372CF09096}.Release|Any CPU.Build.0 = Release|Any CPU
		{155202A0-90FA-4B3E-A252-A8F93BB8A3AB}.Debug|Any CPU.ActiveCfg = Debug|Any CPU
		{155202A0-90FA-4B3E-A252-A8F93BB8A3AB}.Debug|Any CPU.Build.0 = Debug|Any CPU
		{155202A0-90FA-4B3E-A252-A8F93BB8A3AB}.Release|Any CPU.ActiveCfg = Release|Any CPU
		{155202A0-90FA-4B3E-A252-A8F93BB8A3AB}.Release|Any CPU.Build.0 = Release|Any CPU
	EndGlobalSection
	GlobalSection(SolutionProperties) = preSolution
		HideSolutionNode = FALSE
	EndGlobalSection
	GlobalSection(ExtensibilityGlobals) = postSolution
		SolutionGuid = {F3ABB3E9-E9F9-4DB8-8FD5-6867D2AAE0A4}
	EndGlobalSection
EndGlobal
